
Microsoft Visual Studio Solution File, Format Version 12.00
# Visual Studio Version 17
VisualStudioVersion = 17.6.33513.286
MinimumVisualStudioVersion = 10.0.40219.1
Project("{FAE04EC0-301F-11D3-BF4B-00C04F79EFBC}") = "MauiCameraMauiSample", "MauiCameraMauiSample\MauiCameraMauiSample.csproj", "{C2DD3F03-EC25-46AF-A3E1-549193AA5AD4}"
EndProject
Global
	GlobalSection(SolutionConfigurationPlatforms) = preSolution
		Debug|Any CPU = Debug|Any CPU
		Release|Any CPU = Release|Any CPU
	EndGlobalSection
	GlobalSection(ProjectConfigurationPlatforms) = postSolution
		{C2DD3F03-EC25-46AF-A3E1-549193AA5AD4}.Debug|Any CPU.ActiveCfg = Debug|Any CPU
		{C2DD3F03-EC25-46AF-A3E1-549193AA5AD4}.Debug|Any CPU.Build.0 = Debug|Any CPU
		{C2DD3F03-EC25-46AF-A3E1-549193AA5AD4}.Debug|Any CPU.Deploy.0 = Debug|Any CPU
		{C2DD3F03-EC25-46AF-A3E1-549193AA5AD4}.Release|Any CPU.ActiveCfg = Release|Any CPU
		{C2DD3F03-EC25-46AF-A3E1-549193AA5AD4}.Release|Any CPU.Build.0 = Release|Any CPU
		{C2DD3F03-EC25-46AF-A3E1-549193AA5AD4}.Release|Any CPU.Deploy.0 = Release|Any CPU
	EndGlobalSection
	GlobalSection(SolutionProperties) = preSolution
		HideSolutionNode = FALSE
	EndGlobalSection
	GlobalSection(ExtensibilityGlobals) = postSolution
		SolutionGuid = {085D6EFB-9D5D-48BF-9C5F-ED1A429942AE}
	EndGlobalSection
EndGlobal
